
Microsoft Visual Studio Solution File, Format Version 12.00
# Visual Studio Version 17
VisualStudioVersion = 17.0.31903.59
MinimumVisualStudioVersion = 10.0.40219.1
Project("{FAE04EC0-301F-11D3-BF4B-00C04F79EFBC}") = "API", "API\API.csproj", "{17093BB4-F3D7-415B-80A6-818632B9CBDD}"
EndProject
Project("{FAE04EC0-301F-11D3-BF4B-00C04F79EFBC}") = "Application", "Application\Application.csproj", "{31F6DA1D-3696-4191-B8CE-B2806318FB07}"
EndProject
Project("{FAE04EC0-301F-11D3-BF4B-00C04F79EFBC}") = "Domain", "Domain\Domain.csproj", "{A852466F-BB0D-4BAC-89B8-E238E8E75F5D}"
EndProject
Project("{FAE04EC0-301F-11D3-BF4B-00C04F79EFBC}") = "Persistence", "Persistence\Persistence.csproj", "{2C5ABA1C-E9ED-4DB8-9E1F-236CCF8B1DC7}"
EndProject
Project("{FAE04EC0-301F-11D3-BF4B-00C04F79EFBC}") = "Infrastructure", "Infrastructure\Infrastructure.csproj", "{50C54DF2-4A5C-4019-9C8F-1A9974F8A6B6}"
EndProject
Global
	GlobalSection(SolutionConfigurationPlatforms) = preSolution
		Debug|Any CPU = Debug|Any CPU
		Release|Any CPU = Release|Any CPU
	EndGlobalSection
	GlobalSection(SolutionProperties) = preSolution
		HideSolutionNode = FALSE
	EndGlobalSection
	GlobalSection(ProjectConfigurationPlatforms) = postSolution
		{17093BB4-F3D7-415B-80A6-818632B9CBDD}.Debug|Any CPU.ActiveCfg = Debug|Any CPU
		{17093BB4-F3D7-415B-80A6-818632B9CBDD}.Debug|Any CPU.Build.0 = Debug|Any CPU
		{17093BB4-F3D7-415B-80A6-818632B9CBDD}.Release|Any CPU.ActiveCfg = Release|Any CPU
		{17093BB4-F3D7-415B-80A6-818632B9CBDD}.Release|Any CPU.Build.0 = Release|Any CPU
		{31F6DA1D-3696-4191-B8CE-B2806318FB07}.Debug|Any CPU.ActiveCfg = Debug|Any CPU
		{31F6DA1D-3696-4191-B8CE-B2806318FB07}.Debug|Any CPU.Build.0 = Debug|Any CPU
		{31F6DA1D-3696-4191-B8CE-B2806318FB07}.Release|Any CPU.ActiveCfg = Release|Any CPU
		{31F6DA1D-3696-4191-B8CE-B2806318FB07}.Release|Any CPU.Build.0 = Release|Any CPU
		{A852466F-BB0D-4BAC-89B8-E238E8E75F5D}.Debug|Any CPU.ActiveCfg = Debug|Any CPU
		{A852466F-BB0D-4BAC-89B8-E238E8E75F5D}.Debug|Any CPU.Build.0 = Debug|Any CPU
		{A852466F-BB0D-4BAC-89B8-E238E8E75F5D}.Release|Any CPU.ActiveCfg = Release|Any CPU
		{A852466F-BB0D-4BAC-89B8-E238E8E75F5D}.Release|Any CPU.Build.0 = Release|Any CPU
		{2C5ABA1C-E9ED-4DB8-9E1F-236CCF8B1DC7}.Debug|Any CPU.ActiveCfg = Debug|Any CPU
		{2C5ABA1C-E9ED-4DB8-9E1F-236CCF8B1DC7}.Debug|Any CPU.Build.0 = Debug|Any CPU
		{2C5ABA1C-E9ED-4DB8-9E1F-236CCF8B1DC7}.Release|Any CPU.ActiveCfg = Release|Any CPU
		{2C5ABA1C-E9ED-4DB8-9E1F-236CCF8B1DC7}.Release|Any CPU.Build.0 = Release|Any CPU
		{50C54DF2-4A5C-4019-9C8F-1A9974F8A6B6}.Debug|Any CPU.ActiveCfg = Debug|Any CPU
		{50C54DF2-4A5C-4019-9C8F-1A9974F8A6B6}.Debug|Any CPU.Build.0 = Debug|Any CPU
		{50C54DF2-4A5C-4019-9C8F-1A9974F8A6B6}.Release|Any CPU.ActiveCfg = Release|Any CPU
		{50C54DF2-4A5C-4019-9C8F-1A9974F8A6B6}.Release|Any CPU.Build.0 = Release|Any CPU
	EndGlobalSection
EndGlobal
